// !$*UTF8*$!
{
	archiveVersion = 1;
	classes = {
	};
	objectVersion = 50;
	objects = {

/* Begin PBXBuildFile section */
		0007BFAC23D860C0005C99D7 /* AutoLayout.swift in Sources */ = {isa = PBXBuildFile; fileRef = 0007BFAB23D860C0005C99D7 /* AutoLayout.swift */; };
		0007BFBA23D88B63005C99D7 /* TableCellTableViewCell.xib in Resources */ = {isa = PBXBuildFile; fileRef = 0007BFB823D88B63005C99D7 /* TableCellTableViewCell.xib */; };
		0007BFC023D89121005C99D7 /* TableCellTableViewCell.swift in Sources */ = {isa = PBXBuildFile; fileRef = 0007BFBF23D89121005C99D7 /* TableCellTableViewCell.swift */; };
		0007BFC223D8915B005C99D7 /* TableViewExtension.swift in Sources */ = {isa = PBXBuildFile; fileRef = 0007BFC123D8915B005C99D7 /* TableViewExtension.swift */; };
		0007BFCA23D89B72005C99D7 /* LabelSettable.swift in Sources */ = {isa = PBXBuildFile; fileRef = 0007BFC923D89B72005C99D7 /* LabelSettable.swift */; };
		0007BFCC23D89C0D005C99D7 /* LabelSettable.stencil in Resources */ = {isa = PBXBuildFile; fileRef = 0007BFCB23D89C0D005C99D7 /* LabelSettable.stencil */; };
		0007BFCF23D89F86005C99D7 /* .sourcery.yml in Resources */ = {isa = PBXBuildFile; fileRef = 0007BFCE23D89F86005C99D7 /* .sourcery.yml */; };
		008E094623D85E9A00193C74 /* AppDelegate.swift in Sources */ = {isa = PBXBuildFile; fileRef = 008E094523D85E9A00193C74 /* AppDelegate.swift */; };
		008E094823D85E9A00193C74 /* SceneDelegate.swift in Sources */ = {isa = PBXBuildFile; fileRef = 008E094723D85E9A00193C74 /* SceneDelegate.swift */; };
		008E094A23D85E9A00193C74 /* ViewController.swift in Sources */ = {isa = PBXBuildFile; fileRef = 008E094923D85E9A00193C74 /* ViewController.swift */; };
		008E094D23D85E9A00193C74 /* Main.storyboard in Resources */ = {isa = PBXBuildFile; fileRef = 008E094B23D85E9A00193C74 /* Main.storyboard */; };
		008E094F23D85E9E00193C74 /* Assets.xcassets in Resources */ = {isa = PBXBuildFile; fileRef = 008E094E23D85E9E00193C74 /* Assets.xcassets */; };
		008E095223D85E9E00193C74 /* LaunchScreen.storyboard in Resources */ = {isa = PBXBuildFile; fileRef = 008E095023D85E9E00193C74 /* LaunchScreen.storyboard */; };
		CF68FDD406F0173F57470B4C /* Pods_PrivatePropertiesInProtocols.framework in Frameworks */ = {isa = PBXBuildFile; fileRef = D4603ACF5ECD5D323E23AEB3 /* Pods_PrivatePropertiesInProtocols.framework */; };
/* End PBXBuildFile section */

/* Begin PBXFileReference section */
		0007BFAB23D860C0005C99D7 /* AutoLayout.swift */ = {isa = PBXFileReference; lastKnownFileType = sourcecode.swift; path = AutoLayout.swift; sourceTree = "<group>"; };
		0007BFB823D88B63005C99D7 /* TableCellTableViewCell.xib */ = {isa = PBXFileReference; lastKnownFileType = file.xib; path = TableCellTableViewCell.xib; sourceTree = "<group>"; };
		0007BFBF23D89121005C99D7 /* TableCellTableViewCell.swift */ = {isa = PBXFileReference; lastKnownFileType = sourcecode.swift; path = TableCellTableViewCell.swift; sourceTree = "<group>"; };
		0007BFC123D8915B005C99D7 /* TableViewExtension.swift */ = {isa = PBXFileReference; lastKnownFileType = sourcecode.swift; path = TableViewExtension.swift; sourceTree = "<group>"; };
		0007BFC923D89B72005C99D7 /* LabelSettable.swift */ = {isa = PBXFileReference; lastKnownFileType = sourcecode.swift; path = LabelSettable.swift; sourceTree = "<group>"; };
		0007BFCB23D89C0D005C99D7 /* LabelSettable.stencil */ = {isa = PBXFileReference; lastKnownFileType = text; path = LabelSettable.stencil; sourceTree = "<group>"; };
		0007BFCE23D89F86005C99D7 /* .sourcery.yml */ = {isa = PBXFileReference; lastKnownFileType = text.yaml; path = .sourcery.yml; sourceTree = SOURCE_ROOT; };
		008E094223D85E9A00193C74 /* PrivatePropertiesInProtocols.app */ = {isa = PBXFileReference; explicitFileType = wrapper.application; includeInIndex = 0; path = PrivatePropertiesInProtocols.app; sourceTree = BUILT_PRODUCTS_DIR; };
		008E094523D85E9A00193C74 /* AppDelegate.swift */ = {isa = PBXFileReference; lastKnownFileType = sourcecode.swift; path = AppDelegate.swift; sourceTree = "<group>"; };
		008E094723D85E9A00193C74 /* SceneDelegate.swift */ = {isa = PBXFileReference; lastKnownFileType = sourcecode.swift; path = SceneDelegate.swift; sourceTree = "<group>"; };
		008E094923D85E9A00193C74 /* ViewController.swift */ = {isa = PBXFileReference; lastKnownFileType = sourcecode.swift; path = ViewController.swift; sourceTree = "<group>"; };
		008E094C23D85E9A00193C74 /* Base */ = {isa = PBXFileReference; lastKnownFileType = file.storyboard; name = Base; path = Base.lproj/Main.storyboard; sourceTree = "<group>"; };
		008E094E23D85E9E00193C74 /* Assets.xcassets */ = {isa = PBXFileReference; lastKnownFileType = folder.assetcatalog; path = Assets.xcassets; sourceTree = "<group>"; };
		008E095123D85E9E00193C74 /* Base */ = {isa = PBXFileReference; lastKnownFileType = file.storyboard; name = Base; path = Base.lproj/LaunchScreen.storyboard; sourceTree = "<group>"; };
		008E095323D85E9E00193C74 /* Info.plist */ = {isa = PBXFileReference; lastKnownFileType = text.plist.xml; path = Info.plist; sourceTree = "<group>"; };
		0ED512072AF2DEB93201BCE0 /* Pods-PrivatePropertiesInProtocols.debug.xcconfig */ = {isa = PBXFileReference; includeInIndex = 1; lastKnownFileType = text.xcconfig; name = "Pods-PrivatePropertiesInProtocols.debug.xcconfig"; path = "Target Support Files/Pods-PrivatePropertiesInProtocols/Pods-PrivatePropertiesInProtocols.debug.xcconfig"; sourceTree = "<group>"; };
		726ADED5EAE26334C75CBB9A /* Pods-PrivatePropertiesInProtocols.release.xcconfig */ = {isa = PBXFileReference; includeInIndex = 1; lastKnownFileType = text.xcconfig; name = "Pods-PrivatePropertiesInProtocols.release.xcconfig"; path = "Target Support Files/Pods-PrivatePropertiesInProtocols/Pods-PrivatePropertiesInProtocols.release.xcconfig"; sourceTree = "<group>"; };
		D4603ACF5ECD5D323E23AEB3 /* Pods_PrivatePropertiesInProtocols.framework */ = {isa = PBXFileReference; explicitFileType = wrapper.framework; includeInIndex = 0; path = Pods_PrivatePropertiesInProtocols.framework; sourceTree = BUILT_PRODUCTS_DIR; };
/* End PBXFileReference section */

/* Begin PBXFrameworksBuildPhase section */
		008E093F23D85E9A00193C74 /* Frameworks */ = {
			isa = PBXFrameworksBuildPhase;
			buildActionMask = 2147483647;
			files = (
				CF68FDD406F0173F57470B4C /* Pods_PrivatePropertiesInProtocols.framework in Frameworks */,
			);
			runOnlyForDeploymentPostprocessing = 0;
		};
/* End PBXFrameworksBuildPhase section */

/* Begin PBXGroup section */
		0007BFC323D8946C005C99D7 /* Views */ = {
			isa = PBXGroup;
			children = (
				008E094923D85E9A00193C74 /* ViewController.swift */,
				008E094B23D85E9A00193C74 /* Main.storyboard */,
				008E095023D85E9E00193C74 /* LaunchScreen.storyboard */,
				0007BFBF23D89121005C99D7 /* TableCellTableViewCell.swift */,
				0007BFB823D88B63005C99D7 /* TableCellTableViewCell.xib */,
			);
			path = Views;
			sourceTree = "<group>";
		};
		0007BFC423D8947A005C99D7 /* Helpers */ = {
			isa = PBXGroup;
			children = (
				0007BFC123D8915B005C99D7 /* TableViewExtension.swift */,
				0007BFAB23D860C0005C99D7 /* AutoLayout.swift */,
				0007BFC923D89B72005C99D7 /* LabelSettable.swift */,
			);
			path = Helpers;
			sourceTree = "<group>";
		};
		0007BFC523D89488005C99D7 /* Singleton */ = {
			isa = PBXGroup;
			children = (
				008E094523D85E9A00193C74 /* AppDelegate.swift */,
				008E094723D85E9A00193C74 /* SceneDelegate.swift */,
			);
			path = Singleton;
			sourceTree = "<group>";
		};
		0007BFC623D894D7005C99D7 /* SourceryTemplates */ = {
			isa = PBXGroup;
			children = (
				0007BFCB23D89C0D005C99D7 /* LabelSettable.stencil */,
			);
			path = SourceryTemplates;
			sourceTree = "<group>";
		};
		008E093923D85E9A00193C74 = {
			isa = PBXGroup;
			children = (
				008E094423D85E9A00193C74 /* PrivatePropertiesInProtocols */,
				008E094323D85E9A00193C74 /* Products */,
				CE7C2D976377E3F63BB5E696 /* Pods */,
				066DDA75EAEB638972387BA2 /* Frameworks */,
			);
			sourceTree = "<group>";
		};
		008E094323D85E9A00193C74 /* Products */ = {
			isa = PBXGroup;
			children = (
				008E094223D85E9A00193C74 /* PrivatePropertiesInProtocols.app */,
			);
			name = Products;
			sourceTree = "<group>";
		};
		008E094423D85E9A00193C74 /* PrivatePropertiesInProtocols */ = {
			isa = PBXGroup;
			children = (
				0007BFC523D89488005C99D7 /* Singleton */,
				0007BFC323D8946C005C99D7 /* Views */,
				0007BFC423D8947A005C99D7 /* Helpers */,
				0007BFC623D894D7005C99D7 /* SourceryTemplates */,
				008E094E23D85E9E00193C74 /* Assets.xcassets */,
				008E095323D85E9E00193C74 /* Info.plist */,
				0007BFCE23D89F86005C99D7 /* .sourcery.yml */,
			);
			path = PrivatePropertiesInProtocols;
			sourceTree = "<group>";
		};
		066DDA75EAEB638972387BA2 /* Frameworks */ = {
			isa = PBXGroup;
			children = (
				D4603ACF5ECD5D323E23AEB3 /* Pods_PrivatePropertiesInProtocols.framework */,
			);
			name = Frameworks;
			sourceTree = "<group>";
		};
		CE7C2D976377E3F63BB5E696 /* Pods */ = {
			isa = PBXGroup;
			children = (
				0ED512072AF2DEB93201BCE0 /* Pods-PrivatePropertiesInProtocols.debug.xcconfig */,
				726ADED5EAE26334C75CBB9A /* Pods-PrivatePropertiesInProtocols.release.xcconfig */,
			);
			path = Pods;
			sourceTree = "<group>";
		};
/* End PBXGroup section */

/* Begin PBXNativeTarget section */
		008E094123D85E9A00193C74 /* PrivatePropertiesInProtocols */ = {
			isa = PBXNativeTarget;
			buildConfigurationList = 008E095623D85E9E00193C74 /* Build configuration list for PBXNativeTarget "PrivatePropertiesInProtocols" */;
			buildPhases = (
				65D7A59A7E63B152D3E76A7C /* [CP] Check Pods Manifest.lock */,
				0007BFCD23D89F10005C99D7 /* Sourcery */,
				008E093E23D85E9A00193C74 /* Sources */,
				008E093F23D85E9A00193C74 /* Frameworks */,
				008E094023D85E9A00193C74 /* Resources */,
			);
			buildRules = (
			);
			dependencies = (
			);
			name = PrivatePropertiesInProtocols;
			productName = PrivatePropertiesInProtocols;
			productReference = 008E094223D85E9A00193C74 /* PrivatePropertiesInProtocols.app */;
			productType = "com.apple.product-type.application";
		};
/* End PBXNativeTarget section */

/* Begin PBXProject section */
		008E093A23D85E9A00193C74 /* Project object */ = {
			isa = PBXProject;
			attributes = {
				LastSwiftUpdateCheck = 1130;
				LastUpgradeCheck = 1130;
				ORGANIZATIONNAME = "Viranchee L";
				TargetAttributes = {
					008E094123D85E9A00193C74 = {
						CreatedOnToolsVersion = 11.3.1;
					};
				};
			};
			buildConfigurationList = 008E093D23D85E9A00193C74 /* Build configuration list for PBXProject "PrivatePropertiesInProtocols" */;
			compatibilityVersion = "Xcode 9.3";
			developmentRegion = en;
			hasScannedForEncodings = 0;
			knownRegions = (
				en,
				Base,
			);
			mainGroup = 008E093923D85E9A00193C74;
			productRefGroup = 008E094323D85E9A00193C74 /* Products */;
			projectDirPath = "";
			projectRoot = "";
			targets = (
				008E094123D85E9A00193C74 /* PrivatePropertiesInProtocols */,
			);
		};
/* End PBXProject section */

/* Begin PBXResourcesBuildPhase section */
		008E094023D85E9A00193C74 /* Resources */ = {
			isa = PBXResourcesBuildPhase;
			buildActionMask = 2147483647;
			files = (
				008E095223D85E9E00193C74 /* LaunchScreen.storyboard in Resources */,
				0007BFCF23D89F86005C99D7 /* .sourcery.yml in Resources */,
				0007BFCC23D89C0D005C99D7 /* LabelSettable.stencil in Resources */,
				008E094F23D85E9E00193C74 /* Assets.xcassets in Resources */,
				0007BFBA23D88B63005C99D7 /* TableCellTableViewCell.xib in Resources */,
				008E094D23D85E9A00193C74 /* Main.storyboard in Resources */,
			);
			runOnlyForDeploymentPostprocessing = 0;
		};
/* End PBXResourcesBuildPhase section */

/* Begin PBXShellScriptBuildPhase section */
		0007BFCD23D89F10005C99D7 /* Sourcery */ = {
			isa = PBXShellScriptBuildPhase;
			buildActionMask = 2147483647;
			files = (
			);
			inputFileListPaths = (
			);
			inputPaths = (
			);
			name = Sourcery;
			outputFileListPaths = (
			);
			outputPaths = (
			);
			runOnlyForDeploymentPostprocessing = 0;
			shellPath = /bin/sh;
			shellScript = "# Type a script or drag a script file from your workspace to insert its path.\n$PODS_ROOT/Sourcery/bin/sourcery --config ${PROJECT_DIR}\n";
		};
		65D7A59A7E63B152D3E76A7C /* [CP] Check Pods Manifest.lock */ = {
			isa = PBXShellScriptBuildPhase;
			buildActionMask = 2147483647;
			files = (
			);
			inputFileListPaths = (
			);
			inputPaths = (
				"${PODS_PODFILE_DIR_PATH}/Podfile.lock",
				"${PODS_ROOT}/Manifest.lock",
			);
			name = "[CP] Check Pods Manifest.lock";
			outputFileListPaths = (
			);
			outputPaths = (
				"$(DERIVED_FILE_DIR)/Pods-PrivatePropertiesInProtocols-checkManifestLockResult.txt",
			);
			runOnlyForDeploymentPostprocessing = 0;
			shellPath = /bin/sh;
			shellScript = "diff \"${PODS_PODFILE_DIR_PATH}/Podfile.lock\" \"${PODS_ROOT}/Manifest.lock\" > /dev/null\nif [ $? != 0 ] ; then\n    # print error to STDERR\n    echo \"error: The sandbox is not in sync with the Podfile.lock. Run 'pod install' or update your CocoaPods installation.\" >&2\n    exit 1\nfi\n# This output is used by Xcode 'outputs' to avoid re-running this script phase.\necho \"SUCCESS\" > \"${SCRIPT_OUTPUT_FILE_0}\"\n";
			showEnvVarsInLog = 0;
		};
/* End PBXShellScriptBuildPhase section */

/* Begin PBXSourcesBuildPhase section */
		008E093E23D85E9A00193C74 /* Sources */ = {
			isa = PBXSourcesBuildPhase;
			buildActionMask = 2147483647;
			files = (
				008E094A23D85E9A00193C74 /* ViewController.swift in Sources */,
				008E094623D85E9A00193C74 /* AppDelegate.swift in Sources */,
				0007BFCA23D89B72005C99D7 /* LabelSettable.swift in Sources */,
				008E094823D85E9A00193C74 /* SceneDelegate.swift in Sources */,
				0007BFC223D8915B005C99D7 /* TableViewExtension.swift in Sources */,
				0007BFAC23D860C0005C99D7 /* AutoLayout.swift in Sources */,
				0007BFC023D89121005C99D7 /* TableCellTableViewCell.swift in Sources */,
			);
			runOnlyForDeploymentPostprocessing = 0;
		};
/* End PBXSourcesBuildPhase section */

/* Begin PBXVariantGroup section */
		008E094B23D85E9A00193C74 /* Main.storyboard */ = {
			isa = PBXVariantGroup;
			children = (
				008E094C23D85E9A00193C74 /* Base */,
			);
			name = Main.storyboard;
			sourceTree = "<group>";
		};
		008E095023D85E9E00193C74 /* LaunchScreen.storyboard */ = {
			isa = PBXVariantGroup;
			children = (
				008E095123D85E9E00193C74 /* Base */,
			);
			name = LaunchScreen.storyboard;
			sourceTree = "<group>";
		};
/* End PBXVariantGroup section */

/* Begin XCBuildConfiguration section */
		008E095423D85E9E00193C74 /* Debug */ = {
			isa = XCBuildConfiguration;
			buildSettings = {
				ALWAYS_SEARCH_USER_PATHS = NO;
				CLANG_ANALYZER_NONNULL = YES;
				CLANG_ANALYZER_NUMBER_OBJECT_CONVERSION = YES_AGGRESSIVE;
				CLANG_CXX_LANGUAGE_STANDARD = "gnu++14";
				CLANG_CXX_LIBRARY = "libc++";
				CLANG_ENABLE_MODULES = YES;
				CLANG_ENABLE_OBJC_ARC = YES;
				CLANG_ENABLE_OBJC_WEAK = YES;
				CLANG_WARN_BLOCK_CAPTURE_AUTORELEASING = YES;
				CLANG_WARN_BOOL_CONVERSION = YES;
				CLANG_WARN_COMMA = YES;
				CLANG_WARN_CONSTANT_CONVERSION = YES;
				CLANG_WARN_DEPRECATED_OBJC_IMPLEMENTATIONS = YES;
				CLANG_WARN_DIRECT_OBJC_ISA_USAGE = YES_ERROR;
				CLANG_WARN_DOCUMENTATION_COMMENTS = YES;
				CLANG_WARN_EMPTY_BODY = YES;
				CLANG_WARN_ENUM_CONVERSION = YES;
				CLANG_WARN_INFINITE_RECURSION = YES;
				CLANG_WARN_INT_CONVERSION = YES;
				CLANG_WARN_NON_LITERAL_NULL_CONVERSION = YES;
				CLANG_WARN_OBJC_IMPLICIT_RETAIN_SELF = YES;
				CLANG_WARN_OBJC_LITERAL_CONVERSION = YES;
				CLANG_WARN_OBJC_ROOT_CLASS = YES_ERROR;
				CLANG_WARN_RANGE_LOOP_ANALYSIS = YES;
				CLANG_WARN_STRICT_PROTOTYPES = YES;
				CLANG_WARN_SUSPICIOUS_MOVE = YES;
				CLANG_WARN_UNGUARDED_AVAILABILITY = YES_AGGRESSIVE;
				CLANG_WARN_UNREACHABLE_CODE = YES;
				CLANG_WARN__DUPLICATE_METHOD_MATCH = YES;
				COPY_PHASE_STRIP = NO;
				DEBUG_INFORMATION_FORMAT = dwarf;
				ENABLE_STRICT_OBJC_MSGSEND = YES;
				ENABLE_TESTABILITY = YES;
				GCC_C_LANGUAGE_STANDARD = gnu11;
				GCC_DYNAMIC_NO_PIC = NO;
				GCC_NO_COMMON_BLOCKS = YES;
				GCC_OPTIMIZATION_LEVEL = 0;
				GCC_PREPROCESSOR_DEFINITIONS = (
					"DEBUG=1",
					"$(inherited)",
				);
				GCC_WARN_64_TO_32_BIT_CONVERSION = YES;
				GCC_WARN_ABOUT_RETURN_TYPE = YES_ERROR;
				GCC_WARN_UNDECLARED_SELECTOR = YES;
				GCC_WARN_UNINITIALIZED_AUTOS = YES_AGGRESSIVE;
				GCC_WARN_UNUSED_FUNCTION = YES;
				GCC_WARN_UNUSED_VARIABLE = YES;
				IPHONEOS_DEPLOYMENT_TARGET = 13.2;
				MTL_ENABLE_DEBUG_INFO = INCLUDE_SOURCE;
				MTL_FAST_MATH = YES;
				ONLY_ACTIVE_ARCH = YES;
				SDKROOT = iphoneos;
				SWIFT_ACTIVE_COMPILATION_CONDITIONS = DEBUG;
				SWIFT_OPTIMIZATION_LEVEL = "-Onone";
			};
			name = Debug;
		};
		008E095523D85E9E00193C74 /* Release */ = {
			isa = XCBuildConfiguration;
			buildSettings = {
				ALWAYS_SEARCH_USER_PATHS = NO;
				CLANG_ANALYZER_NONNULL = YES;
				CLANG_ANALYZER_NUMBER_OBJECT_CONVERSION = YES_AGGRESSIVE;
				CLANG_CXX_LANGUAGE_STANDARD = "gnu++14";
				CLANG_CXX_LIBRARY = "libc++";
				CLANG_ENABLE_MODULES = YES;
				CLANG_ENABLE_OBJC_ARC = YES;
				CLANG_ENABLE_OBJC_WEAK = YES;
				CLANG_WARN_BLOCK_CAPTURE_AUTORELEASING = YES;
				CLANG_WARN_BOOL_CONVERSION = YES;
				CLANG_WARN_COMMA = YES;
				CLANG_WARN_CONSTANT_CONVERSION = YES;
				CLANG_WARN_DEPRECATED_OBJC_IMPLEMENTATIONS = YES;
				CLANG_WARN_DIRECT_OBJC_ISA_USAGE = YES_ERROR;
				CLANG_WARN_DOCUMENTATION_COMMENTS = YES;
				CLANG_WARN_EMPTY_BODY = YES;
				CLANG_WARN_ENUM_CONVERSION = YES;
				CLANG_WARN_INFINITE_RECURSION = YES;
				CLANG_WARN_INT_CONVERSION = YES;
				CLANG_WARN_NON_LITERAL_NULL_CONVERSION = YES;
				CLANG_WARN_OBJC_IMPLICIT_RETAIN_SELF = YES;
				CLANG_WARN_OBJC_LITERAL_CONVERSION = YES;
				CLANG_WARN_OBJC_ROOT_CLASS = YES_ERROR;
				CLANG_WARN_RANGE_LOOP_ANALYSIS = YES;
				CLANG_WARN_STRICT_PROTOTYPES = YES;
				CLANG_WARN_SUSPICIOUS_MOVE = YES;
				CLANG_WARN_UNGUARDED_AVAILABILITY = YES_AGGRESSIVE;
				CLANG_WARN_UNREACHABLE_CODE = YES;
				CLANG_WARN__DUPLICATE_METHOD_MATCH = YES;
				COPY_PHASE_STRIP = NO;
				DEBUG_INFORMATION_FORMAT = "dwarf-with-dsym";
				ENABLE_NS_ASSERTIONS = NO;
				ENABLE_STRICT_OBJC_MSGSEND = YES;
				GCC_C_LANGUAGE_STANDARD = gnu11;
				GCC_NO_COMMON_BLOCKS = YES;
				GCC_WARN_64_TO_32_BIT_CONVERSION = YES;
				GCC_WARN_ABOUT_RETURN_TYPE = YES_ERROR;
				GCC_WARN_UNDECLARED_SELECTOR = YES;
				GCC_WARN_UNINITIALIZED_AUTOS = YES_AGGRESSIVE;
				GCC_WARN_UNUSED_FUNCTION = YES;
				GCC_WARN_UNUSED_VARIABLE = YES;
				IPHONEOS_DEPLOYMENT_TARGET = 13.2;
				MTL_ENABLE_DEBUG_INFO = NO;
				MTL_FAST_MATH = YES;
				SDKROOT = iphoneos;
				SWIFT_COMPILATION_MODE = wholemodule;
				SWIFT_OPTIMIZATION_LEVEL = "-O";
				VALIDATE_PRODUCT = YES;
			};
			name = Release;
		};
		008E095723D85E9E00193C74 /* Debug */ = {
			isa = XCBuildConfiguration;
			baseConfigurationReference = 0ED512072AF2DEB93201BCE0 /* Pods-PrivatePropertiesInProtocols.debug.xcconfig */;
			buildSettings = {
				ASSETCATALOG_COMPILER_APPICON_NAME = AppIcon;
				CODE_SIGN_STYLE = Automatic;
				DEVELOPMENT_TEAM = CR8BH9MJ89;
				INFOPLIST_FILE = PrivatePropertiesInProtocols/Info.plist;
				LD_RUNPATH_SEARCH_PATHS = (
					"$(inherited)",
					"@executable_path/Frameworks",
				);
				PRODUCT_BUNDLE_IDENTIFIER = com.viranchee.PrivatePropertiesInProtocols;
				PRODUCT_NAME = "$(TARGET_NAME)";
				SWIFT_VERSION = 5.0;
				TARGETED_DEVICE_FAMILY = "1,2";
			};
			name = Debug;
		};
		008E095823D85E9E00193C74 /* Release */ = {
			isa = XCBuildConfiguration;
			baseConfigurationReference = 726ADED5EAE26334C75CBB9A /* Pods-PrivatePropertiesInProtocols.release.xcconfig */;
			buildSettings = {
				ASSETCATALOG_COMPILER_APPICON_NAME = AppIcon;
				CODE_SIGN_STYLE = Automatic;
				DEVELOPMENT_TEAM = CR8BH9MJ89;
				INFOPLIST_FILE = PrivatePropertiesInProtocols/Info.plist;
				LD_RUNPATH_SEARCH_PATHS = (
					"$(inherited)",
					"@executable_path/Frameworks",
				);
				PRODUCT_BUNDLE_IDENTIFIER = com.viranchee.PrivatePropertiesInProtocols;
				PRODUCT_NAME = "$(TARGET_NAME)";
				SWIFT_VERSION = 5.0;
				TARGETED_DEVICE_FAMILY = "1,2";
			};
			name = Release;
		};
/* End XCBuildConfiguration section */

/* Begin XCConfigurationList section */
		008E093D23D85E9A00193C74 /* Build configuration list for PBXProject "PrivatePropertiesInProtocols" */ = {
			isa = XCConfigurationList;
			buildConfigurations = (
				008E095423D85E9E00193C74 /* Debug */,
				008E095523D85E9E00193C74 /* Release */,
			);
			defaultConfigurationIsVisible = 0;
			defaultConfigurationName = Release;
		};
		008E095623D85E9E00193C74 /* Build configuration list for PBXNativeTarget "PrivatePropertiesInProtocols" */ = {
			isa = XCConfigurationList;
			buildConfigurations = (
				008E095723D85E9E00193C74 /* Debug */,
				008E095823D85E9E00193C74 /* Release */,
			);
			defaultConfigurationIsVisible = 0;
			defaultConfigurationName = Release;
		};
/* End XCConfigurationList section */
	};
	rootObject = 008E093A23D85E9A00193C74 /* Project object */;
}
